
Microsoft Visual Studio Solution File, Format Version 12.00
# Visual Studio 2013
VisualStudioVersion = 12.0.31101.0
MinimumVisualStudioVersion = 10.0.40219.1
Project("{FAE04EC0-301F-11D3-BF4B-00C04F79EFBC}") = "WcfSerialization", "WcfSerialization\WcfSerialization.csproj", "{526C6FF5-B686-496B-A06E-C0003A84CD90}"
EndProject
Project("{FAE04EC0-301F-11D3-BF4B-00C04F79EFBC}") = "WcfTests", "WcfTests\WcfTests.csproj", "{D28456D0-1C22-49C5-BF56-8C38EFBBA67D}"
EndProject
Project("{2150E333-8FDC-42A3-9474-1A3956D46DE8}") = ".nuget", ".nuget", "{FB17C192-0092-4B9E-BBA0-D85DFAD774C9}"
	ProjectSection(SolutionItems) = preProject
		.nuget\NuGet.Config = .nuget\NuGet.Config
		.nuget\NuGet.exe = .nuget\NuGet.exe
		.nuget\NuGet.targets = .nuget\NuGet.targets
	EndProjectSection
EndProject
Global
	GlobalSection(SolutionConfigurationPlatforms) = preSolution
		Debug|Any CPU = Debug|Any CPU
		Release|Any CPU = Release|Any CPU
	EndGlobalSection
	GlobalSection(ProjectConfigurationPlatforms) = postSolution
		{526C6FF5-B686-496B-A06E-C0003A84CD90}.Debug|Any CPU.ActiveCfg = Debug|Any CPU
		{526C6FF5-B686-496B-A06E-C0003A84CD90}.Debug|Any CPU.Build.0 = Debug|Any CPU
		{526C6FF5-B686-496B-A06E-C0003A84CD90}.Release|Any CPU.ActiveCfg = Release|Any CPU
		{526C6FF5-B686-496B-A06E-C0003A84CD90}.Release|Any CPU.Build.0 = Release|Any CPU
		{D28456D0-1C22-49C5-BF56-8C38EFBBA67D}.Debug|Any CPU.ActiveCfg = Debug|Any CPU
		{D28456D0-1C22-49C5-BF56-8C38EFBBA67D}.Debug|Any CPU.Build.0 = Debug|Any CPU
		{D28456D0-1C22-49C5-BF56-8C38EFBBA67D}.Release|Any CPU.ActiveCfg = Release|Any CPU
		{D28456D0-1C22-49C5-BF56-8C38EFBBA67D}.Release|Any CPU.Build.0 = Release|Any CPU
	EndGlobalSection
	GlobalSection(SolutionProperties) = preSolution
		HideSolutionNode = FALSE
	EndGlobalSection
EndGlobal
